
Microsoft Visual Studio Solution File, Format Version 12.00
# Visual Studio Version 17
VisualStudioVersion = 17.2.32602.215
MinimumVisualStudioVersion = 10.0.40219.1
Project("{FAE04EC0-301F-11D3-BF4B-00C04F79EFBC}") = "AutoTesting", "AutoTesting\AutoTesting.csproj", "{B9FBD1BE-7DB1-4092-A279-52BA80A69E90}"
EndProject
Global
	GlobalSection(SolutionConfigurationPlatforms) = preSolution
		Debug|Any CPU = Debug|Any CPU
		Release|Any CPU = Release|Any CPU
	EndGlobalSection
	GlobalSection(ProjectConfigurationPlatforms) = postSolution
		{B9FBD1BE-7DB1-4092-A279-52BA80A69E90}.Debug|Any CPU.ActiveCfg = Debug|Any CPU
		{B9FBD1BE-7DB1-4092-A279-52BA80A69E90}.Debug|Any CPU.Build.0 = Debug|Any CPU
		{B9FBD1BE-7DB1-4092-A279-52BA80A69E90}.Release|Any CPU.ActiveCfg = Release|Any CPU
		{B9FBD1BE-7DB1-4092-A279-52BA80A69E90}.Release|Any CPU.Build.0 = Release|Any CPU
	EndGlobalSection
	GlobalSection(SolutionProperties) = preSolution
		HideSolutionNode = FALSE
	EndGlobalSection
	GlobalSection(ExtensibilityGlobals) = postSolution
		SolutionGuid = {87402958-866D-4C2A-A68B-3B50FA775C5C}
	EndGlobalSection
EndGlobal
